
Microsoft Visual Studio Solution File, Format Version 12.00
# Visual Studio Version 16
VisualStudioVersion = 16.0.29926.136
MinimumVisualStudioVersion = 10.0.40219.1
Project("{FAE04EC0-301F-11D3-BF4B-00C04F79EFBC}") = "Kopakabana", "Kopakabana.csproj", "{C34B9B48-64C5-4812-B967-F2F5BA7ECE5F}"
EndProject
Global
	GlobalSection(SolutionConfigurationPlatforms) = preSolution
		Debug|Any CPU = Debug|Any CPU
		Release|Any CPU = Release|Any CPU
	EndGlobalSection
	GlobalSection(ProjectConfigurationPlatforms) = postSolution
		{C34B9B48-64C5-4812-B967-F2F5BA7ECE5F}.Debug|Any CPU.ActiveCfg = Debug|Any CPU
		{C34B9B48-64C5-4812-B967-F2F5BA7ECE5F}.Debug|Any CPU.Build.0 = Debug|Any CPU
		{C34B9B48-64C5-4812-B967-F2F5BA7ECE5F}.Release|Any CPU.ActiveCfg = Release|Any CPU
		{C34B9B48-64C5-4812-B967-F2F5BA7ECE5F}.Release|Any CPU.Build.0 = Release|Any CPU
	EndGlobalSection
	GlobalSection(SolutionProperties) = preSolution
		HideSolutionNode = FALSE
	EndGlobalSection
	GlobalSection(ExtensibilityGlobals) = postSolution
		SolutionGuid = {63F36BC8-07C9-45A5-9299-0F6D05A02656}
	EndGlobalSection
EndGlobal
